
Microsoft Visual Studio Solution File, Format Version 12.00
# Visual Studio Version 17
VisualStudioVersion = 17.8.34330.188
MinimumVisualStudioVersion = 10.0.40219.1
Project("{9A19103F-16F7-4668-BE54-9A1E7A4F7556}") = "HomeworkBot", "HomeworkBot.csproj", "{71761119-55CE-47E0-AA39-78254D29B77C}"
EndProject
Global
	GlobalSection(SolutionConfigurationPlatforms) = preSolution
		Debug|Any CPU = Debug|Any CPU
		Release|Any CPU = Release|Any CPU
	EndGlobalSection
	GlobalSection(ProjectConfigurationPlatforms) = postSolution
		{71761119-55CE-47E0-AA39-78254D29B77C}.Debug|Any CPU.ActiveCfg = Debug|Any CPU
		{71761119-55CE-47E0-AA39-78254D29B77C}.Debug|Any CPU.Build.0 = Debug|Any CPU
		{71761119-55CE-47E0-AA39-78254D29B77C}.Release|Any CPU.ActiveCfg = Release|Any CPU
		{71761119-55CE-47E0-AA39-78254D29B77C}.Release|Any CPU.Build.0 = Release|Any CPU
	EndGlobalSection
	GlobalSection(SolutionProperties) = preSolution
		HideSolutionNode = FALSE
	EndGlobalSection
	GlobalSection(ExtensibilityGlobals) = postSolution
		SolutionGuid = {0AC103A5-BD67-40E6-A628-A755916E7C0D}
	EndGlobalSection
EndGlobal
